{
    "_readme": [
        "This file locks the dependencies of your project to a known state",
        "Read more about it at https://getcomposer.org/doc/01-basic-usage.md#installing-dependencies",
        "This file is @generated automatically"
    ],
    "content-hash": "80c236994fb62124e57cec63fbc6bc4f",
    "packages": [],
    "packages-dev": [
        {
            "name": "hershel-theodore-layton/portable-hack-ast-linters-server",
            "version": "v0.0.9",
            "source": {
                "type": "git",
                "url": "https://github.com/hershel-theodore-layton/portable-hack-ast-linters-server.git",
                "reference": "be36ff6eccbd7b3803ede3a28466b6f978421a3c"
            },
            "dist": {
                "type": "zip",
                "url": "https://api.github.com/repos/hershel-theodore-layton/portable-hack-ast-linters-server/zipball/be36ff6eccbd7b3803ede3a28466b6f978421a3c",
                "reference": "be36ff6eccbd7b3803ede3a28466b6f978421a3c",
                "shasum": ""
            },
            "require": {
                "hhvm": "^4.128"
            },
            "bin": [
                "bin/pha-linters-server.sh"
            ],
            "type": "library",
            "notification-url": "https://packagist.org/downloads/",
            "license": [
                "MIT"
            ],
            "description": "A non-Hack distribution of PhaLinters to allow HTL packages to use portable-hack-ast-linters without circular dependencies.",
            "support": {
                "issues": "https://github.com/hershel-theodore-layton/portable-hack-ast-linters-server/issues",
                "source": "https://github.com/hershel-theodore-layton/portable-hack-ast-linters-server/tree/v0.0.9"
            },
            "time": "2024-11-17T12:23:13+00:00"
        }
    ],
    "aliases": [],
    "minimum-stability": "stable",
    "stability-flags": {},
    "prefer-stable": false,
    "prefer-lowest": false,
    "platform": {
        "hhvm": "^4.102"
    },
    "platform-dev": {},
    "plugin-api-version": "2.6.0"
}
